PODS:
  - AFNetworking (2.2.3):
    - AFNetworking/NSURLConnection
    - AFNetworking/NSURLSession
    - AFNetworking/Reachability
    - AFNetworking/Security
    - AFNetworking/Serialization
    - AFNetworking/UIKit
  - AFNetworking/NSURLConnection (2.2.3):
    - AFNetworking/Reachability
    - AFNetworking/Security
    - AFNetworking/Serialization
  - AFNetworking/NSURLSession (2.2.3):
    - AFNetworking/NSURLConnection
  - AFNetworking/Reachability (2.2.3)
  - AFNetworking/Security (2.2.3)
  - AFNetworking/Serialization (2.2.3)
  - AFNetworking/UIKit (2.2.3):
    - AFNetworking/NSURLConnection
    - AFNetworking/NSURLSession
  - APAvatarImageView (1.1.0)
  - ECSlidingViewController (2.0.2)
  - LBBlurredImage (0.2.0)
  - Motis (0.3.2)
  - ReactiveCocoa (2.3):
    - ReactiveCocoa/UI
  - ReactiveCocoa/Core (2.3):
    - ReactiveCocoa/no-arc
  - ReactiveCocoa/no-arc (2.3)
  - ReactiveCocoa/UI (2.3):
    - ReactiveCocoa/Core

DEPENDENCIES:
  - AFNetworking (~> 2.2.1)
  - APAvatarImageView
  - ECSlidingViewController (~> 2.0.1)
  - LBBlurredImage
  - Motis (~> 0.3.2)
  - ReactiveCocoa

SPEC CHECKSUMS:
  AFNetworking: ae513199cca79e9d7af2708ccabe2ed075550c42
  APAvatarImageView: 954065daf4949a2cc816e3d79ef6c8b0f3d6dda4
  ECSlidingViewController: bc3d3893c040ae4b10fcf8efb5db34711738b1c3
  LBBlurredImage: 26bacd10063a6e886de6a374f4727c3cefb22fc2
  Motis: 8a3e79a19085e3f604bf03b7e507848f51145839
  ReactiveCocoa: dde7b11a14954edf789e7343b2c32e595caabd01

COCOAPODS: 0.32.1
